
Microsoft Visual Studio Solution File, Format Version 12.00
# Visual Studio Version 16
VisualStudioVersion = 16.0.30523.141
MinimumVisualStudioVersion = 10.0.40219.1
Project("{FAE04EC0-301F-11D3-BF4B-00C04F79EFBC}") = "Labs2-4", "Labs2-4\Labs2-4.csproj", "{1AAC73B3-5AB8-497C-81E3-2BD8FF8F27E3}"
EndProject
Project("{FAE04EC0-301F-11D3-BF4B-00C04F79EFBC}") = "PasswordHasher.Test", "PasswordHasher.tTest\PasswordHasher.Test.csproj", "{10CB6750-AEBD-4AB8-9C62-D9914FC30A82}"
EndProject
Project("{FAE04EC0-301F-11D3-BF4B-00C04F79EFBC}") = "BinaryFlag.Test", "BinaryFlag.Test\BinaryFlag.Test.csproj", "{5EC0AEA5-ACB4-418C-9184-FE418D4EFCC9}"
EndProject
Global
	GlobalSection(SolutionConfigurationPlatforms) = preSolution
		Debug|Any CPU = Debug|Any CPU
		Debug|x64 = Debug|x64
		Release|Any CPU = Release|Any CPU
		Release|x64 = Release|x64
	EndGlobalSection
	GlobalSection(ProjectConfigurationPlatforms) = postSolution
		{1AAC73B3-5AB8-497C-81E3-2BD8FF8F27E3}.Debug|Any CPU.ActiveCfg = Debug|Any CPU
		{1AAC73B3-5AB8-497C-81E3-2BD8FF8F27E3}.Debug|Any CPU.Build.0 = Debug|Any CPU
		{1AAC73B3-5AB8-497C-81E3-2BD8FF8F27E3}.Debug|x64.ActiveCfg = Debug|x64
		{1AAC73B3-5AB8-497C-81E3-2BD8FF8F27E3}.Debug|x64.Build.0 = Debug|x64
		{1AAC73B3-5AB8-497C-81E3-2BD8FF8F27E3}.Release|Any CPU.ActiveCfg = Release|Any CPU
		{1AAC73B3-5AB8-497C-81E3-2BD8FF8F27E3}.Release|Any CPU.Build.0 = Release|Any CPU
		{1AAC73B3-5AB8-497C-81E3-2BD8FF8F27E3}.Release|x64.ActiveCfg = Release|x64
		{1AAC73B3-5AB8-497C-81E3-2BD8FF8F27E3}.Release|x64.Build.0 = Release|x64
		{10CB6750-AEBD-4AB8-9C62-D9914FC30A82}.Debug|Any CPU.ActiveCfg = Debug|Any CPU
		{10CB6750-AEBD-4AB8-9C62-D9914FC30A82}.Debug|Any CPU.Build.0 = Debug|Any CPU
		{10CB6750-AEBD-4AB8-9C62-D9914FC30A82}.Debug|x64.ActiveCfg = Debug|x64
		{10CB6750-AEBD-4AB8-9C62-D9914FC30A82}.Debug|x64.Build.0 = Debug|x64
		{10CB6750-AEBD-4AB8-9C62-D9914FC30A82}.Release|Any CPU.ActiveCfg = Release|Any CPU
		{10CB6750-AEBD-4AB8-9C62-D9914FC30A82}.Release|Any CPU.Build.0 = Release|Any CPU
		{10CB6750-AEBD-4AB8-9C62-D9914FC30A82}.Release|x64.ActiveCfg = Release|x64
		{10CB6750-AEBD-4AB8-9C62-D9914FC30A82}.Release|x64.Build.0 = Release|x64
		{5EC0AEA5-ACB4-418C-9184-FE418D4EFCC9}.Debug|Any CPU.ActiveCfg = Debug|Any CPU
		{5EC0AEA5-ACB4-418C-9184-FE418D4EFCC9}.Debug|Any CPU.Build.0 = Debug|Any CPU
		{5EC0AEA5-ACB4-418C-9184-FE418D4EFCC9}.Debug|x64.ActiveCfg = Debug|x64
		{5EC0AEA5-ACB4-418C-9184-FE418D4EFCC9}.Debug|x64.Build.0 = Debug|x64
		{5EC0AEA5-ACB4-418C-9184-FE418D4EFCC9}.Release|Any CPU.ActiveCfg = Release|Any CPU
		{5EC0AEA5-ACB4-418C-9184-FE418D4EFCC9}.Release|Any CPU.Build.0 = Release|Any CPU
		{5EC0AEA5-ACB4-418C-9184-FE418D4EFCC9}.Release|x64.ActiveCfg = Release|x64
		{5EC0AEA5-ACB4-418C-9184-FE418D4EFCC9}.Release|x64.Build.0 = Release|x64
	EndGlobalSection
	GlobalSection(SolutionProperties) = preSolution
		HideSolutionNode = FALSE
	EndGlobalSection
	GlobalSection(ExtensibilityGlobals) = postSolution
		SolutionGuid = {67717CEA-8CE0-4BC2-BB32-A27D8250CF0B}
	EndGlobalSection
EndGlobal
